
Microsoft Visual Studio Solution File, Format Version 12.00
# Visual Studio Version 17
VisualStudioVersion = 17.11.35312.102
MinimumVisualStudioVersion = 10.0.40219.1
Project("{FAE04EC0-301F-11D3-BF4B-00C04F79EFBC}") = "bai4.1", "bai4.1\bai4.1.csproj", "{FE2FEF84-7CD3-40D0-9451-84E8FF3209BD}"
EndProject
Global
	GlobalSection(SolutionConfigurationPlatforms) = preSolution
		Debug|Any CPU = Debug|Any CPU
		Release|Any CPU = Release|Any CPU
	EndGlobalSection
	GlobalSection(ProjectConfigurationPlatforms) = postSolution
		{FE2FEF84-7CD3-40D0-9451-84E8FF3209BD}.Debug|Any CPU.ActiveCfg = Debug|Any CPU
		{FE2FEF84-7CD3-40D0-9451-84E8FF3209BD}.Debug|Any CPU.Build.0 = Debug|Any CPU
		{FE2FEF84-7CD3-40D0-9451-84E8FF3209BD}.Release|Any CPU.ActiveCfg = Release|Any CPU
		{FE2FEF84-7CD3-40D0-9451-84E8FF3209BD}.Release|Any CPU.Build.0 = Release|Any CPU
	EndGlobalSection
	GlobalSection(SolutionProperties) = preSolution
		HideSolutionNode = FALSE
	EndGlobalSection
	GlobalSection(ExtensibilityGlobals) = postSolution
		SolutionGuid = {30852312-36AD-4366-BB18-1A12B0B835E4}
	EndGlobalSection
EndGlobal
